lockfileVersion: '9.0'

settings:
  autoInstallPeers: true
  excludeLinksFromLockfile: false

importers:

  .:
    devDependencies:
      '@types/frida-gum':
        specifier: 18.7.0
        version: 18.7.0
      '@types/node':
        specifier: 20.10.1
        version: 20.10.1
      typescript:
        specifier: 5.5.4
        version: 5.5.4

packages:

  '@types/frida-gum@18.7.0':
    resolution: {integrity: sha512-HhBomXE23fLDAWXEKi3BjJLrlH9wAv9IEQNfO/PaYHQNNbh0Bi06gx6JbXTspVpbqlbVqkWAuU7n6HaS9B6yXA==}

  '@types/node@20.10.1':
    resolution: {integrity: sha512-T2qwhjWwGH81vUEx4EXmBKsTJRXFXNZTL4v0gi01+zyBmCwzE6TyHszqX01m+QHTEq+EZNo13NeJIdEqf+Myrg==}

  typescript@5.5.4:
    resolution: {integrity: sha512-Mtq29sKDAEYP7aljRgtPOpTvOfbwRWlS6dPRzwjdE+C0R4brX/GUyhHSecbHMFLNBLcJIPt9nl9yG5TZ1weH+Q==}
    engines: {node: '>=14.17'}
    hasBin: true

  undici-types@5.26.5:
    resolution: {integrity: sha512-JlCMO+ehdEIKqlFxk6IfVoAUVmgz7cU7zD/h9XZ0qzeosSHmUJVOzSQvvYSYWXkFXC+IfLKSIffhv0sVZup6pA==}

snapshots:

  '@types/frida-gum@18.7.0': {}

  '@types/node@20.10.1':
    dependencies:
      undici-types: 5.26.5

  typescript@5.5.4: {}

  undici-types@5.26.5: {}
